
Microsoft Visual Studio Solution File, Format Version 12.00
# Visual Studio Version 17
VisualStudioVersion = 17.8.34525.116
MinimumVisualStudioVersion = 10.0.40219.1
Project("{2150E333-8FDC-42A3-9474-1A3956D46DE8}") = "src", "src", "{115875FB-3C56-4435-8198-900A6AC95723}"
EndProject
Project("{2150E333-8FDC-42A3-9474-1A3956D46DE8}") = "tests", "tests", "{E62BF766-5DC2-4156-99A0-49F73D8AEC16}"
EndProject
Project("{2150E333-8FDC-42A3-9474-1A3956D46DE8}") = "UserService", "UserService", "{848D354B-C1E7-4A58-A394-533D78AE094E}"
EndProject
Project("{2150E333-8FDC-42A3-9474-1A3956D46DE8}") = "SubscriptionService", "SubscriptionService", "{AB659D56-90DB-46F8-945F-536FDA487F97}"
EndProject
Project("{9A19103F-16F7-4668-BE54-9A1E7A4F7556}") = "UserApi", "src\UserService\UserApi\UserApi.csproj", "{90DCC90C-66C0-4CB3-AF3F-6C376CDCE93C}"
EndProject
Project("{9A19103F-16F7-4668-BE54-9A1E7A4F7556}") = "UserApplication", "src\UserService\UserApplication\UserApplication.csproj", "{5E0AC258-ECC6-458C-A31E-A65EB5323145}"
EndProject
Project("{9A19103F-16F7-4668-BE54-9A1E7A4F7556}") = "UserDomain", "src\UserService\UserDomain\UserDomain.csproj", "{234E7FDD-EDC3-427D-ABBA-F5748617E58E}"
EndProject
Project("{9A19103F-16F7-4668-BE54-9A1E7A4F7556}") = "UserInfra", "src\UserService\UserInfra\UserInfra.csproj", "{B57CA600-5AF6-4241-A345-39363CF803F9}"
EndProject
Project("{2150E333-8FDC-42A3-9474-1A3956D46DE8}") = "User", "User", "{33C6FD93-F4A4-4E37-8578-99E7BFBBCFDF}"
EndProject
Project("{2150E333-8FDC-42A3-9474-1A3956D46DE8}") = "Subscription", "Subscription", "{B9767851-B65E-4992-B94D-6DDB6394D100}"
EndProject
Project("{2150E333-8FDC-42A3-9474-1A3956D46DE8}") = "Lib", "Lib", "{DB93E1FB-EC0E-48BC-98D8-69CC3956DE40}"
EndProject
Project("{9A19103F-16F7-4668-BE54-9A1E7A4F7556}") = "SubscriptionApi", "src\SubscriptionService\SubscriptionApi\SubscriptionApi.csproj", "{B78A3B7F-71DC-40B8-A85B-01F6BE5861A1}"
EndProject
Project("{9A19103F-16F7-4668-BE54-9A1E7A4F7556}") = "SubscriptionApplication", "src\SubscriptionService\SubscriptionApplication\SubscriptionApplication.csproj", "{68BD1C6D-4D9F-4E3F-AB99-9593F39A98BF}"
EndProject
Project("{9A19103F-16F7-4668-BE54-9A1E7A4F7556}") = "SubscriptionDomain", "src\SubscriptionService\SubscriptionDomain\SubscriptionDomain.csproj", "{56CE411F-3FFF-47F0-85D0-15F614F38FAC}"
EndProject
Project("{9A19103F-16F7-4668-BE54-9A1E7A4F7556}") = "SubscriptionInfra", "src\SubscriptionService\Subscriptioninfra\SubscriptionInfra.csproj", "{63401447-D83B-4470-9C57-3AA49240ACEE}"
EndProject
Project("{9A19103F-16F7-4668-BE54-9A1E7A4F7556}") = "Contracts", "src\Lib\Contracts.csproj", "{33A561F3-4D00-432D-A807-A3D1AD51ECD5}"
EndProject
Project("{2150E333-8FDC-42A3-9474-1A3956D46DE8}") = "TreinoService", "TreinoService", "{1B984EDE-E9E1-461D-89DC-C47A13BB8ACC}"
EndProject
Project("{9A19103F-16F7-4668-BE54-9A1E7A4F7556}") = "TreinoDomain", "TreinoDomain\TreinoDomain.csproj", "{5056FD0A-3BC6-4580-A0CB-0B7D4499A023}"
EndProject
Project("{9A19103F-16F7-4668-BE54-9A1E7A4F7556}") = "TreinoInfra", "TreinoInfra\TreinoInfra.csproj", "{9DF756F5-531A-439E-969E-6ED351205411}"
EndProject
Project("{9A19103F-16F7-4668-BE54-9A1E7A4F7556}") = "TreinoApplication", "TreinoApplication\TreinoApplication.csproj", "{971EBEE3-63F6-4489-AF74-2F07BD5213D9}"
EndProject
Project("{FAE04EC0-301F-11D3-BF4B-00C04F79EFBC}") = "TreinoApi", "TreinoApi\TreinoApi.csproj", "{0F10ED9B-780D-4A15-833A-644AE239322E}"
EndProject
Global
	GlobalSection(SolutionConfigurationPlatforms) = preSolution
		Debug|Any CPU = Debug|Any CPU
		Release|Any CPU = Release|Any CPU
	EndGlobalSection
	GlobalSection(ProjectConfigurationPlatforms) = postSolution
		{90DCC90C-66C0-4CB3-AF3F-6C376CDCE93C}.Debug|Any CPU.ActiveCfg = Debug|Any CPU
		{90DCC90C-66C0-4CB3-AF3F-6C376CDCE93C}.Debug|Any CPU.Build.0 = Debug|Any CPU
		{90DCC90C-66C0-4CB3-AF3F-6C376CDCE93C}.Release|Any CPU.ActiveCfg = Release|Any CPU
		{90DCC90C-66C0-4CB3-AF3F-6C376CDCE93C}.Release|Any CPU.Build.0 = Release|Any CPU
		{5E0AC258-ECC6-458C-A31E-A65EB5323145}.Debug|Any CPU.ActiveCfg = Debug|Any CPU
		{5E0AC258-ECC6-458C-A31E-A65EB5323145}.Debug|Any CPU.Build.0 = Debug|Any CPU
		{5E0AC258-ECC6-458C-A31E-A65EB5323145}.Release|Any CPU.ActiveCfg = Release|Any CPU
		{5E0AC258-ECC6-458C-A31E-A65EB5323145}.Release|Any CPU.Build.0 = Release|Any CPU
		{234E7FDD-EDC3-427D-ABBA-F5748617E58E}.Debug|Any CPU.ActiveCfg = Debug|Any CPU
		{234E7FDD-EDC3-427D-ABBA-F5748617E58E}.Debug|Any CPU.Build.0 = Debug|Any CPU
		{234E7FDD-EDC3-427D-ABBA-F5748617E58E}.Release|Any CPU.ActiveCfg = Release|Any CPU
		{234E7FDD-EDC3-427D-ABBA-F5748617E58E}.Release|Any CPU.Build.0 = Release|Any CPU
		{B57CA600-5AF6-4241-A345-39363CF803F9}.Debug|Any CPU.ActiveCfg = Debug|Any CPU
		{B57CA600-5AF6-4241-A345-39363CF803F9}.Debug|Any CPU.Build.0 = Debug|Any CPU
		{B57CA600-5AF6-4241-A345-39363CF803F9}.Release|Any CPU.ActiveCfg = Release|Any CPU
		{B57CA600-5AF6-4241-A345-39363CF803F9}.Release|Any CPU.Build.0 = Release|Any CPU
		{B78A3B7F-71DC-40B8-A85B-01F6BE5861A1}.Debug|Any CPU.ActiveCfg = Debug|Any CPU
		{B78A3B7F-71DC-40B8-A85B-01F6BE5861A1}.Debug|Any CPU.Build.0 = Debug|Any CPU
		{B78A3B7F-71DC-40B8-A85B-01F6BE5861A1}.Release|Any CPU.ActiveCfg = Release|Any CPU
		{B78A3B7F-71DC-40B8-A85B-01F6BE5861A1}.Release|Any CPU.Build.0 = Release|Any CPU
		{68BD1C6D-4D9F-4E3F-AB99-9593F39A98BF}.Debug|Any CPU.ActiveCfg = Debug|Any CPU
		{68BD1C6D-4D9F-4E3F-AB99-9593F39A98BF}.Debug|Any CPU.Build.0 = Debug|Any CPU
		{68BD1C6D-4D9F-4E3F-AB99-9593F39A98BF}.Release|Any CPU.ActiveCfg = Release|Any CPU
		{68BD1C6D-4D9F-4E3F-AB99-9593F39A98BF}.Release|Any CPU.Build.0 = Release|Any CPU
		{56CE411F-3FFF-47F0-85D0-15F614F38FAC}.Debug|Any CPU.ActiveCfg = Debug|Any CPU
		{56CE411F-3FFF-47F0-85D0-15F614F38FAC}.Debug|Any CPU.Build.0 = Debug|Any CPU
		{56CE411F-3FFF-47F0-85D0-15F614F38FAC}.Release|Any CPU.ActiveCfg = Release|Any CPU
		{56CE411F-3FFF-47F0-85D0-15F614F38FAC}.Release|Any CPU.Build.0 = Release|Any CPU
		{63401447-D83B-4470-9C57-3AA49240ACEE}.Debug|Any CPU.ActiveCfg = Debug|Any CPU
		{63401447-D83B-4470-9C57-3AA49240ACEE}.Debug|Any CPU.Build.0 = Debug|Any CPU
		{63401447-D83B-4470-9C57-3AA49240ACEE}.Release|Any CPU.ActiveCfg = Release|Any CPU
		{63401447-D83B-4470-9C57-3AA49240ACEE}.Release|Any CPU.Build.0 = Release|Any CPU
		{33A561F3-4D00-432D-A807-A3D1AD51ECD5}.Debug|Any CPU.ActiveCfg = Debug|Any CPU
		{33A561F3-4D00-432D-A807-A3D1AD51ECD5}.Debug|Any CPU.Build.0 = Debug|Any CPU
		{33A561F3-4D00-432D-A807-A3D1AD51ECD5}.Release|Any CPU.ActiveCfg = Release|Any CPU
		{33A561F3-4D00-432D-A807-A3D1AD51ECD5}.Release|Any CPU.Build.0 = Release|Any CPU
		{5056FD0A-3BC6-4580-A0CB-0B7D4499A023}.Debug|Any CPU.ActiveCfg = Debug|Any CPU
		{5056FD0A-3BC6-4580-A0CB-0B7D4499A023}.Debug|Any CPU.Build.0 = Debug|Any CPU
		{5056FD0A-3BC6-4580-A0CB-0B7D4499A023}.Release|Any CPU.ActiveCfg = Release|Any CPU
		{5056FD0A-3BC6-4580-A0CB-0B7D4499A023}.Release|Any CPU.Build.0 = Release|Any CPU
		{9DF756F5-531A-439E-969E-6ED351205411}.Debug|Any CPU.ActiveCfg = Debug|Any CPU
		{9DF756F5-531A-439E-969E-6ED351205411}.Debug|Any CPU.Build.0 = Debug|Any CPU
		{9DF756F5-531A-439E-969E-6ED351205411}.Release|Any CPU.ActiveCfg = Release|Any CPU
		{9DF756F5-531A-439E-969E-6ED351205411}.Release|Any CPU.Build.0 = Release|Any CPU
		{971EBEE3-63F6-4489-AF74-2F07BD5213D9}.Debug|Any CPU.ActiveCfg = Debug|Any CPU
		{971EBEE3-63F6-4489-AF74-2F07BD5213D9}.Debug|Any CPU.Build.0 = Debug|Any CPU
		{971EBEE3-63F6-4489-AF74-2F07BD5213D9}.Release|Any CPU.ActiveCfg = Release|Any CPU
		{971EBEE3-63F6-4489-AF74-2F07BD5213D9}.Release|Any CPU.Build.0 = Release|Any CPU
		{0F10ED9B-780D-4A15-833A-644AE239322E}.Debug|Any CPU.ActiveCfg = Debug|Any CPU
		{0F10ED9B-780D-4A15-833A-644AE239322E}.Debug|Any CPU.Build.0 = Debug|Any CPU
		{0F10ED9B-780D-4A15-833A-644AE239322E}.Release|Any CPU.ActiveCfg = Release|Any CPU
		{0F10ED9B-780D-4A15-833A-644AE239322E}.Release|Any CPU.Build.0 = Release|Any CPU
	EndGlobalSection
	GlobalSection(SolutionProperties) = preSolution
		HideSolutionNode = FALSE
	EndGlobalSection
	GlobalSection(NestedProjects) = preSolution
		{848D354B-C1E7-4A58-A394-533D78AE094E} = {115875FB-3C56-4435-8198-900A6AC95723}
		{AB659D56-90DB-46F8-945F-536FDA487F97} = {115875FB-3C56-4435-8198-900A6AC95723}
		{90DCC90C-66C0-4CB3-AF3F-6C376CDCE93C} = {848D354B-C1E7-4A58-A394-533D78AE094E}
		{5E0AC258-ECC6-458C-A31E-A65EB5323145} = {848D354B-C1E7-4A58-A394-533D78AE094E}
		{234E7FDD-EDC3-427D-ABBA-F5748617E58E} = {848D354B-C1E7-4A58-A394-533D78AE094E}
		{B57CA600-5AF6-4241-A345-39363CF803F9} = {848D354B-C1E7-4A58-A394-533D78AE094E}
		{33C6FD93-F4A4-4E37-8578-99E7BFBBCFDF} = {E62BF766-5DC2-4156-99A0-49F73D8AEC16}
		{B9767851-B65E-4992-B94D-6DDB6394D100} = {E62BF766-5DC2-4156-99A0-49F73D8AEC16}
		{DB93E1FB-EC0E-48BC-98D8-69CC3956DE40} = {115875FB-3C56-4435-8198-900A6AC95723}
		{B78A3B7F-71DC-40B8-A85B-01F6BE5861A1} = {AB659D56-90DB-46F8-945F-536FDA487F97}
		{68BD1C6D-4D9F-4E3F-AB99-9593F39A98BF} = {AB659D56-90DB-46F8-945F-536FDA487F97}
		{56CE411F-3FFF-47F0-85D0-15F614F38FAC} = {AB659D56-90DB-46F8-945F-536FDA487F97}
		{63401447-D83B-4470-9C57-3AA49240ACEE} = {AB659D56-90DB-46F8-945F-536FDA487F97}
		{33A561F3-4D00-432D-A807-A3D1AD51ECD5} = {DB93E1FB-EC0E-48BC-98D8-69CC3956DE40}
		{1B984EDE-E9E1-461D-89DC-C47A13BB8ACC} = {115875FB-3C56-4435-8198-900A6AC95723}
		{5056FD0A-3BC6-4580-A0CB-0B7D4499A023} = {1B984EDE-E9E1-461D-89DC-C47A13BB8ACC}
		{9DF756F5-531A-439E-969E-6ED351205411} = {1B984EDE-E9E1-461D-89DC-C47A13BB8ACC}
		{971EBEE3-63F6-4489-AF74-2F07BD5213D9} = {1B984EDE-E9E1-461D-89DC-C47A13BB8ACC}
		{0F10ED9B-780D-4A15-833A-644AE239322E} = {1B984EDE-E9E1-461D-89DC-C47A13BB8ACC}
	EndGlobalSection
	GlobalSection(ExtensibilityGlobals) = postSolution
		SolutionGuid = {446D13E6-4342-485E-8713-5FC7038CC955}
	EndGlobalSection
EndGlobal
