
Microsoft Visual Studio Solution File, Format Version 12.00
# Visual Studio Version 17
VisualStudioVersion = 17.8.34525.116
MinimumVisualStudioVersion = 10.0.40219.1
Project("{FAE04EC0-301F-11D3-BF4B-00C04F79EFBC}") = "FrontApp.Server", "FrontApp.Server\FrontApp.Server.csproj", "{9243A2AC-5327-4D0A-AD8A-7FC0EB09F0D3}"
EndProject
Project("{54A90642-561A-4BB1-A94E-469ADEE60C69}") = "frontapp.client", "frontapp.client\frontapp.client.esproj", "{B35D19DD-AF2E-4026-9661-061B0CD6F8B5}"
EndProject
Global
	GlobalSection(SolutionConfigurationPlatforms) = preSolution
		Debug|Any CPU = Debug|Any CPU
		Release|Any CPU = Release|Any CPU
	EndGlobalSection
	GlobalSection(ProjectConfigurationPlatforms) = postSolution
		{9243A2AC-5327-4D0A-AD8A-7FC0EB09F0D3}.Debug|Any CPU.ActiveCfg = Debug|Any CPU
		{9243A2AC-5327-4D0A-AD8A-7FC0EB09F0D3}.Debug|Any CPU.Build.0 = Debug|Any CPU
		{9243A2AC-5327-4D0A-AD8A-7FC0EB09F0D3}.Release|Any CPU.ActiveCfg = Release|Any CPU
		{9243A2AC-5327-4D0A-AD8A-7FC0EB09F0D3}.Release|Any CPU.Build.0 = Release|Any CPU
		{B35D19DD-AF2E-4026-9661-061B0CD6F8B5}.Debug|Any CPU.ActiveCfg = Debug|Any CPU
		{B35D19DD-AF2E-4026-9661-061B0CD6F8B5}.Debug|Any CPU.Build.0 = Debug|Any CPU
		{B35D19DD-AF2E-4026-9661-061B0CD6F8B5}.Debug|Any CPU.Deploy.0 = Debug|Any CPU
		{B35D19DD-AF2E-4026-9661-061B0CD6F8B5}.Release|Any CPU.ActiveCfg = Release|Any CPU
		{B35D19DD-AF2E-4026-9661-061B0CD6F8B5}.Release|Any CPU.Build.0 = Release|Any CPU
		{B35D19DD-AF2E-4026-9661-061B0CD6F8B5}.Release|Any CPU.Deploy.0 = Release|Any CPU
	EndGlobalSection
	GlobalSection(SolutionProperties) = preSolution
		HideSolutionNode = FALSE
	EndGlobalSection
	GlobalSection(ExtensibilityGlobals) = postSolution
		SolutionGuid = {18A0BF54-ADEB-4C90-8E7C-B69889B7A81B}
	EndGlobalSection
EndGlobal
